
Microsoft Visual Studio Solution File, Format Version 12.00
# Visual Studio Version 17
VisualStudioVersion = 17.7.34221.43
MinimumVisualStudioVersion = 10.0.40219.1
Project("{FAE04EC0-301F-11D3-BF4B-00C04F79EFBC}") = "SourceCodeGenerator", "SourceCodeGenerator\SourceCodeGenerator.csproj", "{BB9D9D8F-05F0-40EA-B35C-7E1B7308A843}"
EndProject
Global
	GlobalSection(SolutionConfigurationPlatforms) = preSolution
		Debug|Any CPU = Debug|Any CPU
		Release|Any CPU = Release|Any CPU
	EndGlobalSection
	GlobalSection(ProjectConfigurationPlatforms) = postSolution
		{BB9D9D8F-05F0-40EA-B35C-7E1B7308A843}.Debug|Any CPU.ActiveCfg = Debug|Any CPU
		{BB9D9D8F-05F0-40EA-B35C-7E1B7308A843}.Debug|Any CPU.Build.0 = Debug|Any CPU
		{BB9D9D8F-05F0-40EA-B35C-7E1B7308A843}.Release|Any CPU.ActiveCfg = Release|Any CPU
		{BB9D9D8F-05F0-40EA-B35C-7E1B7308A843}.Release|Any CPU.Build.0 = Release|Any CPU
	EndGlobalSection
	GlobalSection(SolutionProperties) = preSolution
		HideSolutionNode = FALSE
	EndGlobalSection
	GlobalSection(ExtensibilityGlobals) = postSolution
		SolutionGuid = {FF83E683-8402-4430-8EF3-7568FA582F21}
	EndGlobalSection
EndGlobal
